
Microsoft Visual Studio Solution File, Format Version 12.00
# Visual Studio Version 17
VisualStudioVersion = 17.14.36414.22
MinimumVisualStudioVersion = 10.0.40219.1
Project("{2150E333-8FDC-42A3-9474-1A3956D46DE8}") = "Services", "Services", "{02EA681E-C7D8-13C7-8484-4AC65E1B71E8}"
EndProject
Project("{2150E333-8FDC-42A3-9474-1A3956D46DE8}") = "Catalog", "Catalog", "{6927A7DD-650F-4E5F-A587-97E4B37FC1F6}"
EndProject
Project("{FAE04EC0-301F-11D3-BF4B-00C04F79EFBC}") = "Catalog.API", "Services\Catalog\Catalog.API\Catalog.API.csproj", "{7B11C7C8-2B3C-4F4D-AF46-FCF42CF34CEC}"
EndProject
Project("{2150E333-8FDC-42A3-9474-1A3956D46DE8}") = "BuildingBlocks", "BuildingBlocks", "{2F8AE5B7-FEAA-4E52-A574-3CF76964F57A}"
EndProject
Project("{FAE04EC0-301F-11D3-BF4B-00C04F79EFBC}") = "BuildingBlocks", "BuildingBlocks\BuildingBlocks\BuildingBlocks.csproj", "{7056E00F-71E0-44B3-BD61-0F39F2D23172}"
EndProject
Project("{E53339B2-1760-4266-BCC7-CA923CBCF16C}") = "docker-compose", "docker-compose.dcproj", "{81DDED9D-158B-E303-5F62-77A2896D2A5A}"
EndProject
Global
	GlobalSection(SolutionConfigurationPlatforms) = preSolution
		Debug|Any CPU = Debug|Any CPU
		Release|Any CPU = Release|Any CPU
	EndGlobalSection
	GlobalSection(ProjectConfigurationPlatforms) = postSolution
		{7B11C7C8-2B3C-4F4D-AF46-FCF42CF34CEC}.Debug|Any CPU.ActiveCfg = Debug|Any CPU
		{7B11C7C8-2B3C-4F4D-AF46-FCF42CF34CEC}.Debug|Any CPU.Build.0 = Debug|Any CPU
		{7B11C7C8-2B3C-4F4D-AF46-FCF42CF34CEC}.Release|Any CPU.ActiveCfg = Release|Any CPU
		{7B11C7C8-2B3C-4F4D-AF46-FCF42CF34CEC}.Release|Any CPU.Build.0 = Release|Any CPU
		{7056E00F-71E0-44B3-BD61-0F39F2D23172}.Debug|Any CPU.ActiveCfg = Debug|Any CPU
		{7056E00F-71E0-44B3-BD61-0F39F2D23172}.Debug|Any CPU.Build.0 = Debug|Any CPU
		{7056E00F-71E0-44B3-BD61-0F39F2D23172}.Release|Any CPU.ActiveCfg = Release|Any CPU
		{7056E00F-71E0-44B3-BD61-0F39F2D23172}.Release|Any CPU.Build.0 = Release|Any CPU
		{81DDED9D-158B-E303-5F62-77A2896D2A5A}.Debug|Any CPU.ActiveCfg = Debug|Any CPU
		{81DDED9D-158B-E303-5F62-77A2896D2A5A}.Debug|Any CPU.Build.0 = Debug|Any CPU
		{81DDED9D-158B-E303-5F62-77A2896D2A5A}.Release|Any CPU.ActiveCfg = Release|Any CPU
		{81DDED9D-158B-E303-5F62-77A2896D2A5A}.Release|Any CPU.Build.0 = Release|Any CPU
	EndGlobalSection
	GlobalSection(SolutionProperties) = preSolution
		HideSolutionNode = FALSE
	EndGlobalSection
	GlobalSection(NestedProjects) = preSolution
		{6927A7DD-650F-4E5F-A587-97E4B37FC1F6} = {02EA681E-C7D8-13C7-8484-4AC65E1B71E8}
		{7B11C7C8-2B3C-4F4D-AF46-FCF42CF34CEC} = {6927A7DD-650F-4E5F-A587-97E4B37FC1F6}
		{7056E00F-71E0-44B3-BD61-0F39F2D23172} = {2F8AE5B7-FEAA-4E52-A574-3CF76964F57A}
	EndGlobalSection
	GlobalSection(ExtensibilityGlobals) = postSolution
		SolutionGuid = {F70308EC-2BB5-4E23-A3F2-A830F97ECC6F}
	EndGlobalSection
EndGlobal
